
Microsoft Visual Studio Solution File, Format Version 12.00
# Visual Studio Version 17
VisualStudioVersion = 17.3.32901.215
MinimumVisualStudioVersion = 10.0.40219.1
Project("{FAE04EC0-301F-11D3-BF4B-00C04F79EFBC}") = "App1.Android", "App1.Android\App1.Android.csproj", "{12C5A073-F084-4DC5-956D-E35ABE497066}"
EndProject
Project("{9A19103F-16F7-4668-BE54-9A1E7A4F7556}") = "App1", "App1\App1.csproj", "{C1DCE503-B312-4971-88B7-E081ABE428B9}"
EndProject
Global
	GlobalSection(SolutionConfigurationPlatforms) = preSolution
		Debug|Any CPU = Debug|Any CPU
		Release|Any CPU = Release|Any CPU
	EndGlobalSection
	GlobalSection(ProjectConfigurationPlatforms) = postSolution
		{12C5A073-F084-4DC5-956D-E35ABE497066}.Debug|Any CPU.ActiveCfg = Debug|Any CPU
		{12C5A073-F084-4DC5-956D-E35ABE497066}.Debug|Any CPU.Build.0 = Debug|Any CPU
		{12C5A073-F084-4DC5-956D-E35ABE497066}.Debug|Any CPU.Deploy.0 = Debug|Any CPU
		{12C5A073-F084-4DC5-956D-E35ABE497066}.Release|Any CPU.ActiveCfg = Release|Any CPU
		{12C5A073-F084-4DC5-956D-E35ABE497066}.Release|Any CPU.Build.0 = Release|Any CPU
		{12C5A073-F084-4DC5-956D-E35ABE497066}.Release|Any CPU.Deploy.0 = Release|Any CPU
		{C1DCE503-B312-4971-88B7-E081ABE428B9}.Debug|Any CPU.ActiveCfg = Debug|Any CPU
		{C1DCE503-B312-4971-88B7-E081ABE428B9}.Debug|Any CPU.Build.0 = Debug|Any CPU
		{C1DCE503-B312-4971-88B7-E081ABE428B9}.Debug|Any CPU.Deploy.0 = Debug|Any CPU
		{C1DCE503-B312-4971-88B7-E081ABE428B9}.Release|Any CPU.ActiveCfg = Release|Any CPU
		{C1DCE503-B312-4971-88B7-E081ABE428B9}.Release|Any CPU.Build.0 = Release|Any CPU
		{C1DCE503-B312-4971-88B7-E081ABE428B9}.Release|Any CPU.Deploy.0 = Release|Any CPU
	EndGlobalSection
	GlobalSection(SolutionProperties) = preSolution
		HideSolutionNode = FALSE
	EndGlobalSection
	GlobalSection(ExtensibilityGlobals) = postSolution
		SolutionGuid = {D08656FF-8151-4946-9444-8B06D8D1CA63}
	EndGlobalSection
EndGlobal
