
Microsoft Visual Studio Solution File, Format Version 12.00
# Visual Studio Version 16
VisualStudioVersion = 16.0.31729.503
MinimumVisualStudioVersion = 10.0.40219.1
Project("{FAE04EC0-301F-11D3-BF4B-00C04F79EFBC}") = "App1.Android", "App1\App1.Android\App1.Android.csproj", "{0DB871F3-D108-4661-BDA8-666ABD8031FE}"
EndProject
Project("{FAE04EC0-301F-11D3-BF4B-00C04F79EFBC}") = "App1.iOS", "App1\App1.iOS\App1.iOS.csproj", "{ABFAD182-1B21-4BFA-9717-9432C91C64FB}"
EndProject
Project("{FAE04EC0-301F-11D3-BF4B-00C04F79EFBC}") = "App1", "App1\App1\App1.csproj", "{ACC87768-906B-45E8-B5EE-21BB7ECBA4BB}"
EndProject
Global
	GlobalSection(SolutionConfigurationPlatforms) = preSolution
		Debug|Any CPU = Debug|Any CPU
		Debug|iPhone = Debug|iPhone
		Debug|iPhoneSimulator = Debug|iPhoneSimulator
		Release|Any CPU = Release|Any CPU
		Release|iPhone = Release|iPhone
		Release|iPhoneSimulator = Release|iPhoneSimulator
	EndGlobalSection
	GlobalSection(ProjectConfigurationPlatforms) = postSolution
		{0DB871F3-D108-4661-BDA8-666ABD8031FE}.Debug|Any CPU.ActiveCfg = Debug|Any CPU
		{0DB871F3-D108-4661-BDA8-666ABD8031FE}.Debug|Any CPU.Build.0 = Debug|Any CPU
		{0DB871F3-D108-4661-BDA8-666ABD8031FE}.Debug|Any CPU.Deploy.0 = Debug|Any CPU
		{0DB871F3-D108-4661-BDA8-666ABD8031FE}.Debug|iPhone.ActiveCfg = Debug|Any CPU
		{0DB871F3-D108-4661-BDA8-666ABD8031FE}.Debug|iPhone.Build.0 = Debug|Any CPU
		{0DB871F3-D108-4661-BDA8-666ABD8031FE}.Debug|iPhone.Deploy.0 = Debug|Any CPU
		{0DB871F3-D108-4661-BDA8-666ABD8031FE}.Debug|iPhoneSimulator.ActiveCfg = Debug|Any CPU
		{0DB871F3-D108-4661-BDA8-666ABD8031FE}.Debug|iPhoneSimulator.Build.0 = Debug|Any CPU
		{0DB871F3-D108-4661-BDA8-666ABD8031FE}.Debug|iPhoneSimulator.Deploy.0 = Debug|Any CPU
		{0DB871F3-D108-4661-BDA8-666ABD8031FE}.Release|Any CPU.ActiveCfg = Release|Any CPU
		{0DB871F3-D108-4661-BDA8-666ABD8031FE}.Release|Any CPU.Build.0 = Release|Any CPU
		{0DB871F3-D108-4661-BDA8-666ABD8031FE}.Release|Any CPU.Deploy.0 = Release|Any CPU
		{0DB871F3-D108-4661-BDA8-666ABD8031FE}.Release|iPhone.ActiveCfg = Release|Any CPU
		{0DB871F3-D108-4661-BDA8-666ABD8031FE}.Release|iPhone.Build.0 = Release|Any CPU
		{0DB871F3-D108-4661-BDA8-666ABD8031FE}.Release|iPhone.Deploy.0 = Release|Any CPU
		{0DB871F3-D108-4661-BDA8-666ABD8031FE}.Release|iPhoneSimulator.ActiveCfg = Release|Any CPU
		{0DB871F3-D108-4661-BDA8-666ABD8031FE}.Release|iPhoneSimulator.Build.0 = Release|Any CPU
		{0DB871F3-D108-4661-BDA8-666ABD8031FE}.Release|iPhoneSimulator.Deploy.0 = Release|Any CPU
		{ABFAD182-1B21-4BFA-9717-9432C91C64FB}.Debug|Any CPU.ActiveCfg = Debug|iPhone
		{ABFAD182-1B21-4BFA-9717-9432C91C64FB}.Debug|Any CPU.Build.0 = Debug|iPhone
		{ABFAD182-1B21-4BFA-9717-9432C91C64FB}.Debug|Any CPU.Deploy.0 = Debug|iPhone
		{ABFAD182-1B21-4BFA-9717-9432C91C64FB}.Debug|iPhone.ActiveCfg = Debug|iPhone
		{ABFAD182-1B21-4BFA-9717-9432C91C64FB}.Debug|iPhone.Build.0 = Debug|iPhone
		{ABFAD182-1B21-4BFA-9717-9432C91C64FB}.Debug|iPhone.Deploy.0 = Debug|iPhone
		{ABFAD182-1B21-4BFA-9717-9432C91C64FB}.Debug|iPhoneSimulator.ActiveCfg = Debug|iPhoneSimulator
		{ABFAD182-1B21-4BFA-9717-9432C91C64FB}.Debug|iPhoneSimulator.Build.0 = Debug|iPhoneSimulator
		{ABFAD182-1B21-4BFA-9717-9432C91C64FB}.Debug|iPhoneSimulator.Deploy.0 = Debug|iPhoneSimulator
		{ABFAD182-1B21-4BFA-9717-9432C91C64FB}.Release|Any CPU.ActiveCfg = Release|iPhoneSimulator
		{ABFAD182-1B21-4BFA-9717-9432C91C64FB}.Release|Any CPU.Build.0 = Release|iPhoneSimulator
		{ABFAD182-1B21-4BFA-9717-9432C91C64FB}.Release|Any CPU.Deploy.0 = Release|iPhoneSimulator
		{ABFAD182-1B21-4BFA-9717-9432C91C64FB}.Release|iPhone.ActiveCfg = Release|iPhone
		{ABFAD182-1B21-4BFA-9717-9432C91C64FB}.Release|iPhone.Build.0 = Release|iPhone
		{ABFAD182-1B21-4BFA-9717-9432C91C64FB}.Release|iPhone.Deploy.0 = Release|iPhone
		{ABFAD182-1B21-4BFA-9717-9432C91C64FB}.Release|iPhoneSimulator.ActiveCfg = Release|iPhoneSimulator
		{ABFAD182-1B21-4BFA-9717-9432C91C64FB}.Release|iPhoneSimulator.Build.0 = Release|iPhoneSimulator
		{ABFAD182-1B21-4BFA-9717-9432C91C64FB}.Release|iPhoneSimulator.Deploy.0 = Release|iPhoneSimulator
		{ACC87768-906B-45E8-B5EE-21BB7ECBA4BB}.Debug|Any CPU.ActiveCfg = Debug|Any CPU
		{ACC87768-906B-45E8-B5EE-21BB7ECBA4BB}.Debug|Any CPU.Build.0 = Debug|Any CPU
		{ACC87768-906B-45E8-B5EE-21BB7ECBA4BB}.Debug|Any CPU.Deploy.0 = Debug|Any CPU
		{ACC87768-906B-45E8-B5EE-21BB7ECBA4BB}.Debug|iPhone.ActiveCfg = Debug|Any CPU
		{ACC87768-906B-45E8-B5EE-21BB7ECBA4BB}.Debug|iPhone.Build.0 = Debug|Any CPU
		{ACC87768-906B-45E8-B5EE-21BB7ECBA4BB}.Debug|iPhone.Deploy.0 = Debug|Any CPU
		{ACC87768-906B-45E8-B5EE-21BB7ECBA4BB}.Debug|iPhoneSimulator.ActiveCfg = Debug|Any CPU
		{ACC87768-906B-45E8-B5EE-21BB7ECBA4BB}.Debug|iPhoneSimulator.Build.0 = Debug|Any CPU
		{ACC87768-906B-45E8-B5EE-21BB7ECBA4BB}.Debug|iPhoneSimulator.Deploy.0 = Debug|Any CPU
		{ACC87768-906B-45E8-B5EE-21BB7ECBA4BB}.Release|Any CPU.ActiveCfg = Release|Any CPU
		{ACC87768-906B-45E8-B5EE-21BB7ECBA4BB}.Release|Any CPU.Build.0 = Release|Any CPU
		{ACC87768-906B-45E8-B5EE-21BB7ECBA4BB}.Release|Any CPU.Deploy.0 = Release|Any CPU
		{ACC87768-906B-45E8-B5EE-21BB7ECBA4BB}.Release|iPhone.ActiveCfg = Release|Any CPU
		{ACC87768-906B-45E8-B5EE-21BB7ECBA4BB}.Release|iPhone.Build.0 = Release|Any CPU
		{ACC87768-906B-45E8-B5EE-21BB7ECBA4BB}.Release|iPhone.Deploy.0 = Release|Any CPU
		{ACC87768-906B-45E8-B5EE-21BB7ECBA4BB}.Release|iPhoneSimulator.ActiveCfg = Release|Any CPU
		{ACC87768-906B-45E8-B5EE-21BB7ECBA4BB}.Release|iPhoneSimulator.Build.0 = Release|Any CPU
		{ACC87768-906B-45E8-B5EE-21BB7ECBA4BB}.Release|iPhoneSimulator.Deploy.0 = Release|Any CPU
	EndGlobalSection
	GlobalSection(SolutionProperties) = preSolution
		HideSolutionNode = FALSE
	EndGlobalSection
	GlobalSection(ExtensibilityGlobals) = postSolution
		SolutionGuid = {8682416C-0B56-4E56-930C-624A7AF99D48}
	EndGlobalSection
EndGlobal
